// !$*UTF8*$!
{
	archiveVersion = 1;
	classes = {
	};
	objectVersion = 50;
	objects = {

/* Begin PBXBuildFile section */
		AC85CB8C236C464200469136 /* AppDelegate.swift in Sources */ = {isa = PBXBuildFile; fileRef = AC85CB8B236C464200469136 /* AppDelegate.swift */; };
		AC85CB8E236C464200469136 /* ViewController.swift in Sources */ = {isa = PBXBuildFile; fileRef = AC85CB8D236C464200469136 /* ViewController.swift */; };
		AC85CB91236C464200469136 /* Main.storyboard in Resources */ = {isa = PBXBuildFile; fileRef = AC85CB8F236C464200469136 /* Main.storyboard */; };
		AC85CB94236C464200469136 /* coreDateDemo.xcdatamodeld in Sources */ = {isa = PBXBuildFile; fileRef = AC85CB92236C464200469136 /* coreDateDemo.xcdatamodeld */; };
		AC85CB96236C464500469136 /* Assets.xcassets in Resources */ = {isa = PBXBuildFile; fileRef = AC85CB95236C464500469136 /* Assets.xcassets */; };
		AC85CB99236C464500469136 /* LaunchScreen.storyboard in Resources */ = {isa = PBXBuildFile; fileRef = AC85CB97236C464500469136 /* LaunchScreen.storyboard */; };
		AC85CBA4236C464500469136 /* coreDateDemoTests.swift in Sources */ = {isa = PBXBuildFile; fileRef = AC85CBA3236C464500469136 /* coreDateDemoTests.swift */; };
		AC85CBAF236C464500469136 /* coreDateDemoUITests.swift in Sources */ = {isa = PBXBuildFile; fileRef = AC85CBAE236C464500469136 /* coreDateDemoUITests.swift */; };
/* End PBXBuildFile section */

/* Begin PBXContainerItemProxy section */
		AC85CBA0236C464500469136 /* PBXContainerItemProxy */ = {
			isa = PBXContainerItemProxy;
			containerPortal = AC85CB80236C464200469136 /* Project object */;
			proxyType = 1;
			remoteGlobalIDString = AC85CB87236C464200469136;
			remoteInfo = coreDateDemo;
		};
		AC85CBAB236C464500469136 /* PBXContainerItemProxy */ = {
			isa = PBXContainerItemProxy;
			containerPortal = AC85CB80236C464200469136 /* Project object */;
			proxyType = 1;
			remoteGlobalIDString = AC85CB87236C464200469136;
			remoteInfo = coreDateDemo;
		};
/* End PBXContainerItemProxy section */

/* Begin PBXFileReference section */
		AC85CB88236C464200469136 /* coreDateDemo.app */ = {isa = PBXFileReference; explicitFileType = wrapper.application; includeInIndex = 0; path = coreDateDemo.app; sourceTree = BUILT_PRODUCTS_DIR; };
		AC85CB8B236C464200469136 /* AppDelegate.swift */ = {isa = PBXFileReference; lastKnownFileType = sourcecode.swift; path = AppDelegate.swift; sourceTree = "<group>"; };
		AC85CB8D236C464200469136 /* ViewController.swift */ = {isa = PBXFileReference; lastKnownFileType = sourcecode.swift; path = ViewController.swift; sourceTree = "<group>"; };
		AC85CB90236C464200469136 /* Base */ = {isa = PBXFileReference; lastKnownFileType = file.storyboard; name = Base; path = Base.lproj/Main.storyboard; sourceTree = "<group>"; };
		AC85CB93236C464200469136 /* coreDateDemo.xcdatamodel */ = {isa = PBXFileReference; lastKnownFileType = wrapper.xcdatamodel; path = coreDateDemo.xcdatamodel; sourceTree = "<group>"; };
		AC85CB95236C464500469136 /* Assets.xcassets */ = {isa = PBXFileReference; lastKnownFileType = folder.assetcatalog; path = Assets.xcassets; sourceTree = "<group>"; };
		AC85CB98236C464500469136 /* Base */ = {isa = PBXFileReference; lastKnownFileType = file.storyboard; name = Base; path = Base.lproj/LaunchScreen.storyboard; sourceTree = "<group>"; };
		AC85CB9A236C464500469136 /* Info.plist */ = {isa = PBXFileReference; lastKnownFileType = text.plist.xml; path = Info.plist; sourceTree = "<group>"; };
		AC85CB9F236C464500469136 /* coreDateDemoTests.xctest */ = {isa = PBXFileReference; explicitFileType = wrapper.cfbundle; includeInIndex = 0; path = coreDateDemoTests.xctest; sourceTree = BUILT_PRODUCTS_DIR; };
		AC85CBA3236C464500469136 /* coreDateDemoTests.swift */ = {isa = PBXFileReference; lastKnownFileType = sourcecode.swift; path = coreDateDemoTests.swift; sourceTree = "<group>"; };
		AC85CBA5236C464500469136 /* Info.plist */ = {isa = PBXFileReference; lastKnownFileType = text.plist.xml; path = Info.plist; sourceTree = "<group>"; };
		AC85CBAA236C464500469136 /* coreDateDemoUITests.xctest */ = {isa = PBXFileReference; explicitFileType = wrapper.cfbundle; includeInIndex = 0; path = coreDateDemoUITests.xctest; sourceTree = BUILT_PRODUCTS_DIR; };
		AC85CBAE236C464500469136 /* coreDateDemoUITests.swift */ = {isa = PBXFileReference; lastKnownFileType = sourcecode.swift; path = coreDateDemoUITests.swift; sourceTree = "<group>"; };
		AC85CBB0236C464500469136 /* Info.plist */ = {isa = PBXFileReference; lastKnownFileType = text.plist.xml; path = Info.plist; sourceTree = "<group>"; };
/* End PBXFileReference section */

/* Begin PBXFrameworksBuildPhase section */
		AC85CB85236C464200469136 /* Frameworks */ = {
			isa = PBXFrameworksBuildPhase;
			buildActionMask = 2147483647;
			files = (
			);
			runOnlyForDeploymentPostprocessing = 0;
		};
		AC85CB9C236C464500469136 /* Frameworks */ = {
			isa = PBXFrameworksBuildPhase;
			buildActionMask = 2147483647;
			files = (
			);
			runOnlyForDeploymentPostprocessing = 0;
		};
		AC85CBA7236C464500469136 /* Frameworks */ = {
			isa = PBXFrameworksBuildPhase;
			buildActionMask = 2147483647;
			files = (
			);
			runOnlyForDeploymentPostprocessing = 0;
		};
/* End PBXFrameworksBuildPhase section */

/* Begin PBXGroup section */
		AC85CB7F236C464200469136 = {
			isa = PBXGroup;
			children = (
				AC85CB8A236C464200469136 /* coreDateDemo */,
				AC85CBA2236C464500469136 /* coreDateDemoTests */,
				AC85CBAD236C464500469136 /* coreDateDemoUITests */,
				AC85CB89236C464200469136 /* Products */,
			);
			sourceTree = "<group>";
		};
		AC85CB89236C464200469136 /* Products */ = {
			isa = PBXGroup;
			children = (
				AC85CB88236C464200469136 /* coreDateDemo.app */,
				AC85CB9F236C464500469136 /* coreDateDemoTests.xctest */,
				AC85CBAA236C464500469136 /* coreDateDemoUITests.xctest */,
			);
			name = Products;
			sourceTree = "<group>";
		};
		AC85CB8A236C464200469136 /* coreDateDemo */ = {
			isa = PBXGroup;
			children = (
				AC85CB8B236C464200469136 /* AppDelegate.swift */,
				AC85CB8D236C464200469136 /* ViewController.swift */,
				AC85CB8F236C464200469136 /* Main.storyboard */,
				AC85CB95236C464500469136 /* Assets.xcassets */,
				AC85CB97236C464500469136 /* LaunchScreen.storyboard */,
				AC85CB9A236C464500469136 /* Info.plist */,
				AC85CB92236C464200469136 /* coreDateDemo.xcdatamodeld */,
			);
			path = coreDateDemo;
			sourceTree = "<group>";
		};
		AC85CBA2236C464500469136 /* coreDateDemoTests */ = {
			isa = PBXGroup;
			children = (
				AC85CBA3236C464500469136 /* coreDateDemoTests.swift */,
				AC85CBA5236C464500469136 /* Info.plist */,
			);
			path = coreDateDemoTests;
			sourceTree = "<group>";
		};
		AC85CBAD236C464500469136 /* coreDateDemoUITests */ = {
			isa = PBXGroup;
			children = (
				AC85CBAE236C464500469136 /* coreDateDemoUITests.swift */,
				AC85CBB0236C464500469136 /* Info.plist */,
			);
			path = coreDateDemoUITests;
			sourceTree = "<group>";
		};
/* End PBXGroup section */

/* Begin PBXNativeTarget section */
		AC85CB87236C464200469136 /* coreDateDemo */ = {
			isa = PBXNativeTarget;
			buildConfigurationList = AC85CBB3236C464500469136 /* Build configuration list for PBXNativeTarget "coreDateDemo" */;
			buildPhases = (
				AC85CB84236C464200469136 /* Sources */,
				AC85CB85236C464200469136 /* Frameworks */,
				AC85CB86236C464200469136 /* Resources */,
			);
			buildRules = (
			);
			dependencies = (
			);
			name = coreDateDemo;
			productName = coreDateDemo;
			productReference = AC85CB88236C464200469136 /* coreDateDemo.app */;
			productType = "com.apple.product-type.application";
		};
		AC85CB9E236C464500469136 /* coreDateDemoTests */ = {
			isa = PBXNativeTarget;
			buildConfigurationList = AC85CBB6236C464500469136 /* Build configuration list for PBXNativeTarget "coreDateDemoTests" */;
			buildPhases = (
				AC85CB9B236C464500469136 /* Sources */,
				AC85CB9C236C464500469136 /* Frameworks */,
				AC85CB9D236C464500469136 /* Resources */,
			);
			buildRules = (
			);
			dependencies = (
				AC85CBA1236C464500469136 /* PBXTargetDependency */,
			);
			name = coreDateDemoTests;
			productName = coreDateDemoTests;
			productReference = AC85CB9F236C464500469136 /* coreDateDemoTests.xctest */;
			productType = "com.apple.product-type.bundle.unit-test";
		};
		AC85CBA9236C464500469136 /* coreDateDemoUITests */ = {
			isa = PBXNativeTarget;
			buildConfigurationList = AC85CBB9236C464500469136 /* Build configuration list for PBXNativeTarget "coreDateDemoUITests" */;
			buildPhases = (
				AC85CBA6236C464500469136 /* Sources */,
				AC85CBA7236C464500469136 /* Frameworks */,
				AC85CBA8236C464500469136 /* Resources */,
			);
			buildRules = (
			);
			dependencies = (
				AC85CBAC236C464500469136 /* PBXTargetDependency */,
			);
			name = coreDateDemoUITests;
			productName = coreDateDemoUITests;
			productReference = AC85CBAA236C464500469136 /* coreDateDemoUITests.xctest */;
			productType = "com.apple.product-type.bundle.ui-testing";
		};
/* End PBXNativeTarget section */

/* Begin PBXProject section */
		AC85CB80236C464200469136 /* Project object */ = {
			isa = PBXProject;
			attributes = {
				LastSwiftUpdateCheck = 1010;
				LastUpgradeCheck = 1010;
				ORGANIZATIONNAME = DebasishSen;
				TargetAttributes = {
					AC85CB87236C464200469136 = {
						CreatedOnToolsVersion = 10.1;
					};
					AC85CB9E236C464500469136 = {
						CreatedOnToolsVersion = 10.1;
						TestTargetID = AC85CB87236C464200469136;
					};
					AC85CBA9236C464500469136 = {
						CreatedOnToolsVersion = 10.1;
						TestTargetID = AC85CB87236C464200469136;
					};
				};
			};
			buildConfigurationList = AC85CB83236C464200469136 /* Build configuration list for PBXProject "coreDateDemo" */;
			compatibilityVersion = "Xcode 9.3";
			developmentRegion = en;
			hasScannedForEncodings = 0;
			knownRegions = (
				en,
				Base,
			);
			mainGroup = AC85CB7F236C464200469136;
			productRefGroup = AC85CB89236C464200469136 /* Products */;
			projectDirPath = "";
			projectRoot = "";
			targets = (
				AC85CB87236C464200469136 /* coreDateDemo */,
				AC85CB9E236C464500469136 /* coreDateDemoTests */,
				AC85CBA9236C464500469136 /* coreDateDemoUITests */,
			);
		};
/* End PBXProject section */

/* Begin PBXResourcesBuildPhase section */
		AC85CB86236C464200469136 /* Resources */ = {
			isa = PBXResourcesBuildPhase;
			buildActionMask = 2147483647;
			files = (
				AC85CB99236C464500469136 /* LaunchScreen.storyboard in Resources */,
				AC85CB96236C464500469136 /* Assets.xcassets in Resources */,
				AC85CB91236C464200469136 /* Main.storyboard in Resources */,
			);
			runOnlyForDeploymentPostprocessing = 0;
		};
		AC85CB9D236C464500469136 /* Resources */ = {
			isa = PBXResourcesBuildPhase;
			buildActionMask = 2147483647;
			files = (
			);
			runOnlyForDeploymentPostprocessing = 0;
		};
		AC85CBA8236C464500469136 /* Resources */ = {
			isa = PBXResourcesBuildPhase;
			buildActionMask = 2147483647;
			files = (
			);
			runOnlyForDeploymentPostprocessing = 0;
		};
/* End PBXResourcesBuildPhase section */

/* Begin PBXSourcesBuildPhase section */
		AC85CB84236C464200469136 /* Sources */ = {
			isa = PBXSourcesBuildPhase;
			buildActionMask = 2147483647;
			files = (
				AC85CB8E236C464200469136 /* ViewController.swift in Sources */,
				AC85CB8C236C464200469136 /* AppDelegate.swift in Sources */,
				AC85CB94236C464200469136 /* coreDateDemo.xcdatamodeld in Sources */,
			);
			runOnlyForDeploymentPostprocessing = 0;
		};
		AC85CB9B236C464500469136 /* Sources */ = {
			isa = PBXSourcesBuildPhase;
			buildActionMask = 2147483647;
			files = (
				AC85CBA4236C464500469136 /* coreDateDemoTests.swift in Sources */,
			);
			runOnlyForDeploymentPostprocessing = 0;
		};
		AC85CBA6236C464500469136 /* Sources */ = {
			isa = PBXSourcesBuildPhase;
			buildActionMask = 2147483647;
			files = (
				AC85CBAF236C464500469136 /* coreDateDemoUITests.swift in Sources */,
			);
			runOnlyForDeploymentPostprocessing = 0;
		};
/* End PBXSourcesBuildPhase section */

/* Begin PBXTargetDependency section */
		AC85CBA1236C464500469136 /* PBXTargetDependency */ = {
			isa = PBXTargetDependency;
			target = AC85CB87236C464200469136 /* coreDateDemo */;
			targetProxy = AC85CBA0236C464500469136 /* PBXContainerItemProxy */;
		};
		AC85CBAC236C464500469136 /* PBXTargetDependency */ = {
			isa = PBXTargetDependency;
			target = AC85CB87236C464200469136 /* coreDateDemo */;
			targetProxy = AC85CBAB236C464500469136 /* PBXContainerItemProxy */;
		};
/* End PBXTargetDependency section */

/* Begin PBXVariantGroup section */
		AC85CB8F236C464200469136 /* Main.storyboard */ = {
			isa = PBXVariantGroup;
			children = (
				AC85CB90236C464200469136 /* Base */,
			);
			name = Main.storyboard;
			sourceTree = "<group>";
		};
		AC85CB97236C464500469136 /* LaunchScreen.storyboard */ = {
			isa = PBXVariantGroup;
			children = (
				AC85CB98236C464500469136 /* Base */,
			);
			name = LaunchScreen.storyboard;
			sourceTree = "<group>";
		};
/* End PBXVariantGroup section */

/* Begin XCBuildConfiguration section */
		AC85CBB1236C464500469136 /* Debug */ = {
			isa = XCBuildConfiguration;
			buildSettings = {
				ALWAYS_SEARCH_USER_PATHS = NO;
				CLANG_ANALYZER_NONNULL = YES;
				CLANG_ANALYZER_NUMBER_OBJECT_CONVERSION = YES_AGGRESSIVE;
				CLANG_CXX_LANGUAGE_STANDARD = "gnu++14";
				CLANG_CXX_LIBRARY = "libc++";
				CLANG_ENABLE_MODULES = YES;
				CLANG_ENABLE_OBJC_ARC = YES;
				CLANG_ENABLE_OBJC_WEAK = YES;
				CLANG_WARN_BLOCK_CAPTURE_AUTORELEASING = YES;
				CLANG_WARN_BOOL_CONVERSION = YES;
				CLANG_WARN_COMMA = YES;
				CLANG_WARN_CONSTANT_CONVERSION = YES;
				CLANG_WARN_DEPRECATED_OBJC_IMPLEMENTATIONS = YES;
				CLANG_WARN_DIRECT_OBJC_ISA_USAGE = YES_ERROR;
				CLANG_WARN_DOCUMENTATION_COMMENTS = YES;
				CLANG_WARN_EMPTY_BODY = YES;
				CLANG_WARN_ENUM_CONVERSION = YES;
				CLANG_WARN_INFINITE_RECURSION = YES;
				CLANG_WARN_INT_CONVERSION = YES;
				CLANG_WARN_NON_LITERAL_NULL_CONVERSION = YES;
				CLANG_WARN_OBJC_IMPLICIT_RETAIN_SELF = YES;
				CLANG_WARN_OBJC_LITERAL_CONVERSION = YES;
				CLANG_WARN_OBJC_ROOT_CLASS = YES_ERROR;
				CLANG_WARN_RANGE_LOOP_ANALYSIS = YES;
				CLANG_WARN_STRICT_PROTOTYPES = YES;
				CLANG_WARN_SUSPICIOUS_MOVE = YES;
				CLANG_WARN_UNGUARDED_AVAILABILITY = YES_AGGRESSIVE;
				CLANG_WARN_UNREACHABLE_CODE = YES;
				CLANG_WARN__DUPLICATE_METHOD_MATCH = YES;
				CODE_SIGN_IDENTITY = "iPhone Developer";
				COPY_PHASE_STRIP = NO;
				DEBUG_INFORMATION_FORMAT = dwarf;
				ENABLE_STRICT_OBJC_MSGSEND = YES;
				ENABLE_TESTABILITY = YES;
				GCC_C_LANGUAGE_STANDARD = gnu11;
				GCC_DYNAMIC_NO_PIC = NO;
				GCC_NO_COMMON_BLOCKS = YES;
				GCC_OPTIMIZATION_LEVEL = 0;
				GCC_PREPROCESSOR_DEFINITIONS = (
					"DEBUG=1",
					"$(inherited)",
				);
				GCC_WARN_64_TO_32_BIT_CONVERSION = YES;
				GCC_WARN_ABOUT_RETURN_TYPE = YES_ERROR;
				GCC_WARN_UNDECLARED_SELECTOR = YES;
				GCC_WARN_UNINITIALIZED_AUTOS = YES_AGGRESSIVE;
				GCC_WARN_UNUSED_FUNCTION = YES;
				GCC_WARN_UNUSED_VARIABLE = YES;
				IPHONEOS_DEPLOYMENT_TARGET = 12.1;
				MTL_ENABLE_DEBUG_INFO = INCLUDE_SOURCE;
				MTL_FAST_MATH = YES;
				ONLY_ACTIVE_ARCH = YES;
				SDKROOT = iphoneos;
				SWIFT_ACTIVE_COMPILATION_CONDITIONS = DEBUG;
				SWIFT_OPTIMIZATION_LEVEL = "-Onone";
			};
			name = Debug;
		};
		AC85CBB2236C464500469136 /* Release */ = {
			isa = XCBuildConfiguration;
			buildSettings = {
				ALWAYS_SEARCH_USER_PATHS = NO;
				CLANG_ANALYZER_NONNULL = YES;
				CLANG_ANALYZER_NUMBER_OBJECT_CONVERSION = YES_AGGRESSIVE;
				CLANG_CXX_LANGUAGE_STANDARD = "gnu++14";
				CLANG_CXX_LIBRARY = "libc++";
				CLANG_ENABLE_MODULES = YES;
				CLANG_ENABLE_OBJC_ARC = YES;
				CLANG_ENABLE_OBJC_WEAK = YES;
				CLANG_WARN_BLOCK_CAPTURE_AUTORELEASING = YES;
				CLANG_WARN_BOOL_CONVERSION = YES;
				CLANG_WARN_COMMA = YES;
				CLANG_WARN_CONSTANT_CONVERSION = YES;
				CLANG_WARN_DEPRECATED_OBJC_IMPLEMENTATIONS = YES;
				CLANG_WARN_DIRECT_OBJC_ISA_USAGE = YES_ERROR;
				CLANG_WARN_DOCUMENTATION_COMMENTS = YES;
				CLANG_WARN_EMPTY_BODY = YES;
				CLANG_WARN_ENUM_CONVERSION = YES;
				CLANG_WARN_INFINITE_RECURSION = YES;
				CLANG_WARN_INT_CONVERSION = YES;
				CLANG_WARN_NON_LITERAL_NULL_CONVERSION = YES;
				CLANG_WARN_OBJC_IMPLICIT_RETAIN_SELF = YES;
				CLANG_WARN_OBJC_LITERAL_CONVERSION = YES;
				CLANG_WARN_OBJC_ROOT_CLASS = YES_ERROR;
				CLANG_WARN_RANGE_LOOP_ANALYSIS = YES;
				CLANG_WARN_STRICT_PROTOTYPES = YES;
				CLANG_WARN_SUSPICIOUS_MOVE = YES;
				CLANG_WARN_UNGUARDED_AVAILABILITY = YES_AGGRESSIVE;
				CLANG_WARN_UNREACHABLE_CODE = YES;
				CLANG_WARN__DUPLICATE_METHOD_MATCH = YES;
				CODE_SIGN_IDENTITY = "iPhone Developer";
				COPY_PHASE_STRIP = NO;
				DEBUG_INFORMATION_FORMAT = "dwarf-with-dsym";
				ENABLE_NS_ASSERTIONS = NO;
				ENABLE_STRICT_OBJC_MSGSEND = YES;
				GCC_C_LANGUAGE_STANDARD = gnu11;
				GCC_NO_COMMON_BLOCKS = YES;
				GCC_WARN_64_TO_32_BIT_CONVERSION = YES;
				GCC_WARN_ABOUT_RETURN_TYPE = YES_ERROR;
				GCC_WARN_UNDECLARED_SELECTOR = YES;
				GCC_WARN_UNINITIALIZED_AUTOS = YES_AGGRESSIVE;
				GCC_WARN_UNUSED_FUNCTION = YES;
				GCC_WARN_UNUSED_VARIABLE = YES;
				IPHONEOS_DEPLOYMENT_TARGET = 12.1;
				MTL_ENABLE_DEBUG_INFO = NO;
				MTL_FAST_MATH = YES;
				SDKROOT = iphoneos;
				SWIFT_COMPILATION_MODE = wholemodule;
				SWIFT_OPTIMIZATION_LEVEL = "-O";
				VALIDATE_PRODUCT = YES;
			};
			name = Release;
		};
		AC85CBB4236C464500469136 /* Debug */ = {
			isa = XCBuildConfiguration;
			buildSettings = {
				ASSETCATALOG_COMPILER_APPICON_NAME = AppIcon;
				CODE_SIGN_STYLE = Automatic;
				INFOPLIST_FILE = coreDateDemo/Info.plist;
				LD_RUNPATH_SEARCH_PATHS = (
					"$(inherited)",
					"@executable_path/Frameworks",
				);
				PRODUCT_BUNDLE_IDENTIFIER = com.quinnox.priyanka.coreDateDemo;
				PRODUCT_NAME = "$(TARGET_NAME)";
				SWIFT_VERSION = 4.2;
				TARGETED_DEVICE_FAMILY = "1,2";
			};
			name = Debug;
		};
		AC85CBB5236C464500469136 /* Release */ = {
			isa = XCBuildConfiguration;
			buildSettings = {
				ASSETCATALOG_COMPILER_APPICON_NAME = AppIcon;
				CODE_SIGN_STYLE = Automatic;
				INFOPLIST_FILE = coreDateDemo/Info.plist;
				LD_RUNPATH_SEARCH_PATHS = (
					"$(inherited)",
					"@executable_path/Frameworks",
				);
				PRODUCT_BUNDLE_IDENTIFIER = com.quinnox.priyanka.coreDateDemo;
				PRODUCT_NAME = "$(TARGET_NAME)";
				SWIFT_VERSION = 4.2;
				TARGETED_DEVICE_FAMILY = "1,2";
			};
			name = Release;
		};
		AC85CBB7236C464500469136 /* Debug */ = {
			isa = XCBuildConfiguration;
			buildSettings = {
				ALWAYS_EMBED_SWIFT_STANDARD_LIBRARIES = YES;
				BUNDLE_LOADER = "$(TEST_HOST)";
				CODE_SIGN_STYLE = Automatic;
				INFOPLIST_FILE = coreDateDemoTests/Info.plist;
				LD_RUNPATH_SEARCH_PATHS = (
					"$(inherited)",
					"@executable_path/Frameworks",
					"@loader_path/Frameworks",
				);
				PRODUCT_BUNDLE_IDENTIFIER = com.quinnox.priyanka.coreDateDemoTests;
				PRODUCT_NAME = "$(TARGET_NAME)";
				SWIFT_VERSION = 4.2;
				TARGETED_DEVICE_FAMILY = "1,2";
				TEST_HOST = "$(BUILT_PRODUCTS_DIR)/coreDateDemo.app/coreDateDemo";
			};
			name = Debug;
		};
		AC85CBB8236C464500469136 /* Release */ = {
			isa = XCBuildConfiguration;
			buildSettings = {
				ALWAYS_EMBED_SWIFT_STANDARD_LIBRARIES = YES;
				BUNDLE_LOADER = "$(TEST_HOST)";
				CODE_SIGN_STYLE = Automatic;
				INFOPLIST_FILE = coreDateDemoTests/Info.plist;
				LD_RUNPATH_SEARCH_PATHS = (
					"$(inherited)",
					"@executable_path/Frameworks",
					"@loader_path/Frameworks",
				);
				PRODUCT_BUNDLE_IDENTIFIER = com.quinnox.priyanka.coreDateDemoTests;
				PRODUCT_NAME = "$(TARGET_NAME)";
				SWIFT_VERSION = 4.2;
				TARGETED_DEVICE_FAMILY = "1,2";
				TEST_HOST = "$(BUILT_PRODUCTS_DIR)/coreDateDemo.app/coreDateDemo";
			};
			name = Release;
		};
		AC85CBBA236C464500469136 /* Debug */ = {
			isa = XCBuildConfiguration;
			buildSettings = {
				ALWAYS_EMBED_SWIFT_STANDARD_LIBRARIES = YES;
				CODE_SIGN_STYLE = Automatic;
				INFOPLIST_FILE = coreDateDemoUITests/Info.plist;
				LD_RUNPATH_SEARCH_PATHS = (
					"$(inherited)",
					"@executable_path/Frameworks",
					"@loader_path/Frameworks",
				);
				PRODUCT_BUNDLE_IDENTIFIER = com.quinnox.priyanka.coreDateDemoUITests;
				PRODUCT_NAME = "$(TARGET_NAME)";
				SWIFT_VERSION = 4.2;
				TARGETED_DEVICE_FAMILY = "1,2";
				TEST_TARGET_NAME = coreDateDemo;
			};
			name = Debug;
		};
		AC85CBBB236C464500469136 /* Release */ = {
			isa = XCBuildConfiguration;
			buildSettings = {
				ALWAYS_EMBED_SWIFT_STANDARD_LIBRARIES = YES;
				CODE_SIGN_STYLE = Automatic;
				INFOPLIST_FILE = coreDateDemoUITests/Info.plist;
				LD_RUNPATH_SEARCH_PATHS = (
					"$(inherited)",
					"@executable_path/Frameworks",
					"@loader_path/Frameworks",
				);
				PRODUCT_BUNDLE_IDENTIFIER = com.quinnox.priyanka.coreDateDemoUITests;
				PRODUCT_NAME = "$(TARGET_NAME)";
				SWIFT_VERSION = 4.2;
				TARGETED_DEVICE_FAMILY = "1,2";
				TEST_TARGET_NAME = coreDateDemo;
			};
			name = Release;
		};
/* End XCBuildConfiguration section */

/* Begin XCConfigurationList section */
		AC85CB83236C464200469136 /* Build configuration list for PBXProject "coreDateDemo" */ = {
			isa = XCConfigurationList;
			buildConfigurations = (
				AC85CBB1236C464500469136 /* Debug */,
				AC85CBB2236C464500469136 /* Release */,
			);
			defaultConfigurationIsVisible = 0;
			defaultConfigurationName = Release;
		};
		AC85CBB3236C464500469136 /* Build configuration list for PBXNativeTarget "coreDateDemo" */ = {
			isa = XCConfigurationList;
			buildConfigurations = (
				AC85CBB4236C464500469136 /* Debug */,
				AC85CBB5236C464500469136 /* Release */,
			);
			defaultConfigurationIsVisible = 0;
			defaultConfigurationName = Release;
		};
		AC85CBB6236C464500469136 /* Build configuration list for PBXNativeTarget "coreDateDemoTests" */ = {
			isa = XCConfigurationList;
			buildConfigurations = (
				AC85CBB7236C464500469136 /* Debug */,
				AC85CBB8236C464500469136 /* Release */,
			);
			defaultConfigurationIsVisible = 0;
			defaultConfigurationName = Release;
		};
		AC85CBB9236C464500469136 /* Build configuration list for PBXNativeTarget "coreDateDemoUITests" */ = {
			isa = XCConfigurationList;
			buildConfigurations = (
				AC85CBBA236C464500469136 /* Debug */,
				AC85CBBB236C464500469136 /* Release */,
			);
			defaultConfigurationIsVisible = 0;
			defaultConfigurationName = Release;
		};
/* End XCConfigurationList section */

/* Begin XCVersionGroup section */
		AC85CB92236C464200469136 /* coreDateDemo.xcdatamodeld */ = {
			isa = XCVersionGroup;
			children = (
				AC85CB93236C464200469136 /* coreDateDemo.xcdatamodel */,
			);
			currentVersion = AC85CB93236C464200469136 /* coreDateDemo.xcdatamodel */;
			path = coreDateDemo.xcdatamodeld;
			sourceTree = "<group>";
			versionGroupType = wrapper.xcdatamodel;
		};
/* End XCVersionGroup section */
	};
	rootObject = AC85CB80236C464200469136 /* Project object */;
}
